<?xml version="1.0" encoding="utf-8"?>
<Project ToolsVersion="4.0" xmlns="http://schemas.microsoft.com/developer/msbuild/2003">
  <ItemGroup>
    <ClCompile Include="BoxCollider.cpp">
      <Filter>ソースファイル</Filter>
    </ClCompile>
    <ClCompile Include="FpsController.cpp">
      <Filter>ソースファイル</Filter>
    </ClCompile>
    <ClCompile Include="GameMain.cpp">
      <Filter>ソースファイル</Filter>
    </ClCompile>
    <ClCompile Include="main.cpp">
      <Filter>ソースファイル</Filter>
    </ClCompile>
    <ClCompile Include="PadInput.cpp">
      <Filter>ソースファイル</Filter>
    </ClCompile>
    <ClCompile Include="Player.cpp">
      <Filter>ソースファイル</Filter>
    </ClCompile>
    <ClCompile Include="SceneManager.cpp">
      <Filter>ソースファイル</Filter>
    </ClCompile>
    <ClCompile Include="SphereCollider.cpp">
      <Filter>ソースファイル</Filter>
    </ClCompile>
    <ClCompile Include="Stage\Stage.cpp">
      <Filter>ソースファイル\Stage</Filter>
    </ClCompile>
    <ClCompile Include="Stage\Element\Element.cpp">
      <Filter>ソースファイル\Stage</Filter>
    </ClCompile>
    <ClCompile Include="Stage\Element\Element_DamageWall.cpp">
      <Filter>ソースファイル\Stage</Filter>
    </ClCompile>
    <ClCompile Include="Stage\MapChip.cpp">
      <Filter>ソースファイル\Stage</Filter>
    </ClCompile>
    <ClCompile Include="LineCollider.cpp">
      <Filter>ソースファイル</Filter>
    </ClCompile>
    <ClCompile Include="CameraWork.cpp">
      <Filter>ソースファイル</Filter>
    </ClCompile>
    <ClCompile Include="Title.cpp">
      <Filter>ソースファイル</Filter>
    </ClCompile>
    <ClCompile Include="EfectExplosion.cpp">
      <Filter>ソースファイル</Filter>
    </ClCompile>
    <ClCompile Include="Stage\StageBuilder\KeyManager.cpp">
      <Filter>ソースファイル\Stage\StageBuilder</Filter>
    </ClCompile>
    <ClCompile Include="Stage\StageBuilder\StageBuilder.cpp">
      <Filter>ソースファイル\Stage\StageBuilder</Filter>
    </ClCompile>
    <ClCompile Include="Stage\StageBuilder\Directory.cpp">
      <Filter>ソースファイル\Stage\StageBuilder</Filter>
    </ClCompile>
    <ClCompile Include="EfectBeam.cpp">
      <Filter>ソースファイル</Filter>
    </ClCompile>
    <ClCompile Include="EnemyBase.cpp">
      <Filter>ソースファイル\Enemy</Filter>
    </ClCompile>
    <ClCompile Include="Undead.cpp">
      <Filter>ソースファイル\Enemy</Filter>
    </ClCompile>
    <ClCompile Include="ElementItem.cpp">
      <Filter>ソースファイル\ElementItem</Filter>
    </ClCompile>
    <ClCompile Include="EfectBeam.cpp" />
    <ClCompile Include="NormalBullet.cpp">
      <Filter>ソースファイル</Filter>
    </ClCompile>
    <ClCompile Include="Item.cpp">
      <Filter>ソースファイル\Item</Filter>
    </ClCompile>
    <ClCompile Include="ItemController.cpp">
      <Filter>ソースファイル\Item</Filter>
    </ClCompile>
    <ClCompile Include="EnemyGhost.cpp">
      <Filter>ソースファイル\Enemy</Filter>
    </ClCompile>
    <ClCompile Include="Bullet.cpp">
      <Filter>ソースファイル</Filter>
    </ClCompile>
    <ClCompile Include="LineCollider.cpp" />
    <ClCompile Include="ColliderBase.cpp">
      <Filter>ソースファイル</Filter>
    </ClCompile>
    <ClCompile Include="Torrent.cpp">
      <Filter>ソースファイル\Enemy</Filter>
    </ClCompile>
    <ClCompile Include="Undead.cpp">
      <Filter>ソースファイル\Enemy</Filter>
    </ClCompile>
    <ClCompile Include="EnemySlime.cpp">
      <Filter>ソースファイル\Enemy</Filter>
    </ClCompile>
    <ClCompile Include="Mage.cpp">
      <Filter>ソースファイル\Enemy</Filter>
    </ClCompile>
    <ClCompile Include="EnemyBulletBase.cpp">
      <Filter>ソースファイル\Enemy\EnmeyBullet</Filter>
    </ClCompile>
    <ClCompile Include="MageBullet.cpp">
      <Filter>ソースファイル\Enemy\EnmeyBullet</Filter>
    </ClCompile>
  </ItemGroup>
  <ItemGroup>
    <ClInclude Include="AbstractScene.h">
      <Filter>ヘッダーファイル</Filter>
    </ClInclude>
    <ClInclude Include="BoxCollider.h">
      <Filter>ヘッダーファイル</Filter>
    </ClInclude>
    <ClInclude Include="Bullet.h">
      <Filter>ヘッダーファイル</Filter>
    </ClInclude>
    <ClInclude Include="Define.h">
      <Filter>ヘッダーファイル</Filter>
    </ClInclude>
    <ClInclude Include="FpsController.h">
      <Filter>ヘッダーファイル</Filter>
    </ClInclude>
    <ClInclude Include="GameMain.h">
      <Filter>ヘッダーファイル</Filter>
    </ClInclude>
    <ClInclude Include="PadInput.h">
      <Filter>ヘッダーファイル</Filter>
    </ClInclude>
    <ClInclude Include="Player.h">
      <Filter>ヘッダーファイル</Filter>
    </ClInclude>
    <ClInclude Include="SceneManager.h">
      <Filter>ヘッダーファイル</Filter>
    </ClInclude>
    <ClInclude Include="SphereCollider.h">
      <Filter>ヘッダーファイル</Filter>
    </ClInclude>
    <ClInclude Include="Title.h">
      <Filter>ヘッダーファイル</Filter>
    </ClInclude>
    <ClInclude Include="EnemyBase.h">
      <Filter>ヘッダーファイル</Filter>
    </ClInclude>
    <ClInclude Include="Stage\Stage.h">
      <Filter>ヘッダーファイル\Stage</Filter>
    </ClInclude>
    <ClInclude Include="Stage\Element\Element.h">
      <Filter>ヘッダーファイル\Stage</Filter>
    </ClInclude>
    <ClInclude Include="Stage\Element\Element_DamageWall.h">
      <Filter>ヘッダーファイル\Stage</Filter>
    </ClInclude>
    <ClInclude Include="Stage\MapChip.h">
      <Filter>ヘッダーファイル\Stage</Filter>
    </ClInclude>
    <ClInclude Include="CameraWork.h">
      <Filter>ヘッダーファイル</Filter>
    </ClInclude>
    <ClInclude Include="EfectExplosion.h">
      <Filter>ヘッダーファイル</Filter>
    </ClInclude>
    <ClInclude Include="EfectBeam.h">
      <Filter>ヘッダーファイル\Stage\StageBuilder</Filter>
    </ClInclude>
    <ClInclude Include="Stage\StageBuilder\Directory.h">
      <Filter>ヘッダーファイル\Stage\StageBuilder</Filter>
    </ClInclude>
    <ClInclude Include="EnemyBase.h">
      <Filter>ヘッダーファイル\Enemy</Filter>
    </ClInclude>
    <ClInclude Include="Undead.h">
      <Filter>ヘッダーファイル\Enemy</Filter>
    </ClInclude>
    <ClInclude Include="ElementItem.h">
      <Filter>ヘッダーファイル\ElementItem</Filter>
    </ClInclude>
    <ClInclude Include="EnumElementItem.h">
      <Filter>ヘッダーファイル\ElementItem</Filter>
    </ClInclude>
    <ClInclude Include="NormalBullet.h">
      <Filter>ヘッダーファイル</Filter>
    </ClInclude>
    <ClInclude Include="Item.h">
      <Filter>ヘッダーファイル\Item</Filter>
    </ClInclude>
    <ClInclude Include="ItemController.h">
      <Filter>ヘッダーファイル\Item</Filter>
    </ClInclude>
    <ClInclude Include="EnemyGhost.h">
      <Filter>ヘッダーファイル\Enemy</Filter>
    </ClInclude>
    <ClInclude Include="ColliderBase.h">
      <Filter>ヘッダーファイル</Filter>
    </ClInclude>
    <ClInclude Include="LineCollider.h">
      <Filter>ヘッダーファイル</Filter>
    </ClInclude>
    <ClInclude Include="Stage\StageBuilder\Debug.h">
      <Filter>ヘッダーファイル\Stage\StageBuilder</Filter>
    </ClInclude>
    <ClInclude Include="Stage\StageBuilder\KeyManager.h">
      <Filter>ヘッダーファイル\Stage\StageBuilder</Filter>
    </ClInclude>
    <ClInclude Include="Stage\StageBuilder\StageBuilder.h">
      <Filter>ヘッダーファイル\Stage\StageBuilder</Filter>
    </ClInclude>
    <ClInclude Include="Torrent.h">
      <Filter>ヘッダーファイル\Enemy</Filter>
    </ClInclude>
    <ClInclude Include="EnemySlime.h">
      <Filter>ヘッダーファイル\Enemy</Filter>
    </ClInclude>
    <ClInclude Include="Undead.h">
      <Filter>ヘッダーファイル\Enemy</Filter>
    </ClInclude>
    <ClInclude Include="Mage.h">
      <Filter>ヘッダーファイル\Enemy</Filter>
    </ClInclude>
    <ClInclude Include="EnumEnemyType.h">
      <Filter>ヘッダーファイル\Enemy</Filter>
    </ClInclude>
    <ClInclude Include="EnemyBulletBase.h">
      <Filter>ヘッダーファイル\Enemy\EnemyBullet</Filter>
    </ClInclude>
    <ClInclude Include="MageBullet.h">
      <Filter>ヘッダーファイル\Enemy\EnemyBullet</Filter>
    </ClInclude>
  </ItemGroup>
  <ItemGroup>
    <Filter Include="ソースファイル">
      <UniqueIdentifier>{31dbc098-805f-4e00-80bd-9b4e6413e757}</UniqueIdentifier>
    </Filter>
    <Filter Include="ヘッダーファイル">
      <UniqueIdentifier>{d14e2b45-f731-4bcc-8e41-6c75ab1cbcee}</UniqueIdentifier>
    </Filter>
    <Filter Include="ソースファイル\Stage">
      <UniqueIdentifier>{4d417b46-41c8-4dac-92bc-bd26e8ee9929}</UniqueIdentifier>
    </Filter>
    <Filter Include="ヘッダーファイル\Stage">
      <UniqueIdentifier>{1d1d6eeb-efda-4a27-9790-a599605fcd8c}</UniqueIdentifier>
    </Filter>
    <Filter Include="ソースファイル\Stage\StageBuilder">
      <UniqueIdentifier>{cd1e6bc0-e754-43d4-8116-1050f37fb990}</UniqueIdentifier>
    </Filter>
    <Filter Include="ヘッダーファイル\Stage\StageBuilder">
      <UniqueIdentifier>{d1293583-3d3b-49bc-8e71-328d73336604}</UniqueIdentifier>
    </Filter>
    <Filter Include="ソースファイル\Enemy">
      <UniqueIdentifier>{a771c49b-1f8a-4d43-b3ae-91fb70c01a10}</UniqueIdentifier>
    </Filter>
    <Filter Include="ヘッダーファイル\Enemy">
      <UniqueIdentifier>{1df94681-910c-41c5-8e40-61af91250e23}</UniqueIdentifier>
    </Filter>
    <Filter Include="ソースファイル\ElementItem">
      <UniqueIdentifier>{7903dcd5-28ce-4e13-93c4-e9cd69bd1f7b}</UniqueIdentifier>
    </Filter>
    <Filter Include="ヘッダーファイル\ElementItem">
      <UniqueIdentifier>{57cb677f-baa9-4594-a284-5de08e0a7cdd}</UniqueIdentifier>
    </Filter>
    <Filter Include="ヘッダーファイル\Item">
      <UniqueIdentifier>{945fe1fc-bac4-441a-9119-5de3fe12c36e}</UniqueIdentifier>
    </Filter>
    <Filter Include="ソースファイル\Item">
      <UniqueIdentifier>{11f43874-be68-48cd-8a1b-1e881e5c319b}</UniqueIdentifier>
    </Filter>
    <Filter Include="ヘッダーファイル\Enemy\EnemyBullet">
      <UniqueIdentifier>{f8127659-92a5-4773-ba75-0449f2ff499c}</UniqueIdentifier>
    </Filter>
    <Filter Include="ソースファイル\Enemy\EnmeyBullet">
      <UniqueIdentifier>{78421598-9ef7-41ab-b475-fcc2aa5c11e9}</UniqueIdentifier>
    </Filter>
  </ItemGroup>
</Project>