<?xml version="1.0" encoding="utf-8"?>
<Project ToolsVersion="4.0" xmlns="http://schemas.microsoft.com/developer/msbuild/2003">
  <ItemGroup>
    <ClCompile Include="BoxCollider.cpp" />
    <ClCompile Include="BULLET.cpp" />
    <ClCompile Include="FpsController.cpp" />
    <ClCompile Include="GameMain.cpp" />
    <ClCompile Include="main.cpp" />
    <ClCompile Include="MapChip.cpp" />
    <ClCompile Include="PadInput.cpp" />
    <ClCompile Include="Player.cpp" />
    <ClCompile Include="SceneManager.cpp" />
    <ClCompile Include="SphereCollider.cpp" />
    <ClCompile Include="Stage.cpp" />
    <ClCompile Include="Title.cpp" />
  </ItemGroup>
  <ItemGroup>
    <ClInclude Include="AbstractScene.h" />
    <ClInclude Include="BoxCollider.h" />
    <ClInclude Include="BULLET.h" />
    <ClInclude Include="Define.h" />
    <ClInclude Include="FpsController.h" />
    <ClInclude Include="GameMain.h" />
    <ClInclude Include="MapChip.h" />
    <ClInclude Include="PadInput.h" />
    <ClInclude Include="Player.h" />
    <ClInclude Include="SceneManager.h" />
    <ClInclude Include="SphereCollider.h" />
    <ClInclude Include="Stage.h" />
    <ClInclude Include="Title.h" />
  </ItemGroup>
</Project>